
Microsoft Visual Studio Solution File, Format Version 12.00
# Visual Studio Version 16
VisualStudioVersion = 16.0.31129.286
MinimumVisualStudioVersion = 10.0.40219.1
Project("{FAE04EC0-301F-11D3-BF4B-00C04F79EFBC}") = "FamilyTree", "FamilyTree\FamilyTree.csproj", "{DE8C2CEC-DFDF-4055-9EE3-E433CB8C9A9C}"
EndProject
Global
	GlobalSection(SolutionConfigurationPlatforms) = preSolution
		Debug|Any CPU = Debug|Any CPU
		Release|Any CPU = Release|Any CPU
	EndGlobalSection
	GlobalSection(ProjectConfigurationPlatforms) = postSolution
		{DE8C2CEC-DFDF-4055-9EE3-E433CB8C9A9C}.Debug|Any CPU.ActiveCfg = Debug|Any CPU
		{DE8C2CEC-DFDF-4055-9EE3-E433CB8C9A9C}.Debug|Any CPU.Build.0 = Debug|Any CPU
		{DE8C2CEC-DFDF-4055-9EE3-E433CB8C9A9C}.Release|Any CPU.ActiveCfg = Release|Any CPU
		{DE8C2CEC-DFDF-4055-9EE3-E433CB8C9A9C}.Release|Any CPU.Build.0 = Release|Any CPU
	EndGlobalSection
	GlobalSection(SolutionProperties) = preSolution
		HideSolutionNode = FALSE
	EndGlobalSection
	GlobalSection(ExtensibilityGlobals) = postSolution
		SolutionGuid = {AB09E569-D2A1-4CE4-B53A-A8F2FA3407A6}
	EndGlobalSection
EndGlobal
